
Microsoft Visual Studio Solution File, Format Version 12.00
# Visual Studio Version 17
VisualStudioVersion = 17.8.34322.80
MinimumVisualStudioVersion = 10.0.40219.1
Project("{FAE04EC0-301F-11D3-BF4B-00C04F79EFBC}") = "Student_Crud_PrecticalTest", "Student_Crud_PrecticalTest\Student_Crud_PrecticalTest.csproj", "{92C87277-B730-4A9D-ADCD-8B44C3C81227}"
EndProject
Global
	GlobalSection(SolutionConfigurationPlatforms) = preSolution
		Debug|Any CPU = Debug|Any CPU
		Release|Any CPU = Release|Any CPU
	EndGlobalSection
	GlobalSection(ProjectConfigurationPlatforms) = postSolution
		{92C87277-B730-4A9D-ADCD-8B44C3C81227}.Debug|Any CPU.ActiveCfg = Debug|Any CPU
		{92C87277-B730-4A9D-ADCD-8B44C3C81227}.Debug|Any CPU.Build.0 = Debug|Any CPU
		{92C87277-B730-4A9D-ADCD-8B44C3C81227}.Release|Any CPU.ActiveCfg = Release|Any CPU
		{92C87277-B730-4A9D-ADCD-8B44C3C81227}.Release|Any CPU.Build.0 = Release|Any CPU
	EndGlobalSection
	GlobalSection(SolutionProperties) = preSolution
		HideSolutionNode = FALSE
	EndGlobalSection
	GlobalSection(ExtensibilityGlobals) = postSolution
		SolutionGuid = {358B808F-5C30-4869-97E6-9590C2658A4D}
	EndGlobalSection
EndGlobal
